
Microsoft Visual Studio Solution File, Format Version 12.00
# Visual Studio 15
VisualStudioVersion = 15.0.28307.168
MinimumVisualStudioVersion = 10.0.40219.1
Project("{FAE04EC0-301F-11D3-BF4B-00C04F79EFBC}") = "MovieService.Soap", "MovieService.Soap\MovieService.Soap.csproj", "{2A878E2C-2F76-4E9F-9B1C-3595F963672D}"
EndProject
Global
	GlobalSection(SolutionConfigurationPlatforms) = preSolution
		Debug|Any CPU = Debug|Any CPU
		Release|Any CPU = Release|Any CPU
	EndGlobalSection
	GlobalSection(ProjectConfigurationPlatforms) = postSolution
		{2A878E2C-2F76-4E9F-9B1C-3595F963672D}.Debug|Any CPU.ActiveCfg = Debug|Any CPU
		{2A878E2C-2F76-4E9F-9B1C-3595F963672D}.Debug|Any CPU.Build.0 = Debug|Any CPU
		{2A878E2C-2F76-4E9F-9B1C-3595F963672D}.Release|Any CPU.ActiveCfg = Release|Any CPU
		{2A878E2C-2F76-4E9F-9B1C-3595F963672D}.Release|Any CPU.Build.0 = Release|Any CPU
	EndGlobalSection
	GlobalSection(SolutionProperties) = preSolution
		HideSolutionNode = FALSE
	EndGlobalSection
	GlobalSection(ExtensibilityGlobals) = postSolution
		SolutionGuid = {36E53580-9D8C-4C5F-A60C-CC444F98CD23}
	EndGlobalSection
EndGlobal
